
Microsoft Visual Studio Solution File, Format Version 12.00
Project("{FAE04EC0-301F-11D3-BF4B-00C04F79EFBC}") = "MyNUnit", "MyNUnit\MyNUnit.csproj", "{07D92A3E-80FB-4107-9FE7-B8CD8110164A}"
EndProject
Global
	GlobalSection(SolutionConfigurationPlatforms) = preSolution
		Debug|Any CPU = Debug|Any CPU
		Release|Any CPU = Release|Any CPU
	EndGlobalSection
	GlobalSection(ProjectConfigurationPlatforms) = postSolution
		{07D92A3E-80FB-4107-9FE7-B8CD8110164A}.Debug|Any CPU.ActiveCfg = Debug|Any CPU
		{07D92A3E-80FB-4107-9FE7-B8CD8110164A}.Debug|Any CPU.Build.0 = Debug|Any CPU
		{07D92A3E-80FB-4107-9FE7-B8CD8110164A}.Release|Any CPU.ActiveCfg = Release|Any CPU
		{07D92A3E-80FB-4107-9FE7-B8CD8110164A}.Release|Any CPU.Build.0 = Release|Any CPU
	EndGlobalSection
EndGlobal
